{
  "name": "mmallFront",
  "version": "1.0.0",
  "lockfileVersion": 1,
  "requires": true,
  "dependencies": {
    "ansi-styles": {
      "version": "3.2.1",
      "resolved": "http://registry.npm.taobao.org/ansi-styles/download/ansi-styles-3.2.1.tgz",
      "dev": true,
      "dependencies": {
        "color-convert": {
          "version": "http://registry.npm.taobao.org/color-convert/download/color-convert-1.9.3.tgz",
          "bundled": true
        }
      }
    },
    "css-loader": {
      "version": "2.1.1",
      "resolved": "http://registry.npm.taobao.org/css-loader/download/css-loader-2.1.1.tgz",
      "integrity": "sha1-2CVPcuQSuyI4u0TdZ0/770lzM+o=",
      "dev": true,
      "requires": {
        "camelcase": "^5.2.0",
        "icss-utils": "^4.1.0",
        "loader-utils": "^1.2.3",
        "normalize-path": "^3.0.0",
        "postcss": "^7.0.14",
        "postcss-modules-extract-imports": "^2.0.0",
        "postcss-modules-local-by-default": "^2.0.6",
        "postcss-modules-scope": "^2.1.0",
        "postcss-modules-values": "^2.0.0",
        "postcss-value-parser": "^3.3.0",
        "schema-utils": "^1.0.0"
      },
      "dependencies": {
        "big.js": {
          "version": "5.2.2",
          "resolved": "http://registry.npm.taobao.org/big.js/download/big.js-5.2.2.tgz",
          "integrity": "sha1-ZfCvOC9Xi83HQr2cKB6cstd2gyg=",
          "dev": true
        },
        "camelcase": {
          "version": "5.3.1",
          "resolved": "http://registry.npm.taobao.org/camelcase/download/camelcase-5.3.1.tgz",
          "integrity": "sha1-48mzFWnhBoEd8kL3FXJaH0xJQyA=",
          "dev": true
        },
        "chalk": {
          "version": "2.4.2",
          "resolved": "http://registry.npm.taobao.org/chalk/download/chalk-2.4.2.tgz",
          "integrity": "sha1-zUJUFnelQzPPVBpJEIwUMrRMlCQ=",
          "dev": true,
          "requires": {
            "ansi-styles": "^3.2.1",
            "escape-string-regexp": "^1.0.5",
            "supports-color": "^5.3.0"
          },
          "dependencies": {
            "supports-color": {
              "version": "5.5.0",
              "resolved": "http://registry.npm.taobao.org/supports-color/download/supports-color-5.5.0.tgz",
              "integrity": "sha1-4uaaRKyHcveKHsCzW2id9lMO/I8=",
              "dev": true,
              "requires": {
                "has-flag": "^3.0.0"
              }
            }
          }
        },
        "escape-string-regexp": {
          "version": "1.0.5",
          "resolved": "http://registry.npm.taobao.org/escape-string-regexp/download/escape-string-regexp-1.0.5.tgz",
          "integrity": "sha1-G2HAViGQqN/2rjuyzwIAyhMLhtQ=",
          "dev": true
        },
        "has-flag": {
          "version": "3.0.0",
          "resolved": "http://registry.npm.taobao.org/has-flag/download/has-flag-3.0.0.tgz",
          "integrity": "sha1-tdRU3CGZriJWmfNGfloH87lVuv0=",
          "dev": true
        },
        "icss-utils": {
          "version": "4.1.0",
          "resolved": "http://registry.npm.taobao.org/icss-utils/download/icss-utils-4.1.0.tgz",
          "integrity": "sha1-M527/7n4cpokO3AeHCnUzFjFLw4=",
          "dev": true,
          "requires": {
            "postcss": "^7.0.14"
          }
        },
        "json5": {
          "version": "1.0.1",
          "resolved": "http://registry.npm.taobao.org/json5/download/json5-1.0.1.tgz",
          "integrity": "sha1-d5+wAYYE+oVOrL9iUhgNg1Q+Pb4=",
          "dev": true,
          "requires": {
            "minimist": "^1.2.0"
          }
        },
        "loader-utils": {
          "version": "1.2.3",
          "resolved": "http://registry.npm.taobao.org/loader-utils/download/loader-utils-1.2.3.tgz",
          "integrity": "sha1-H/XcaRHJ8KBiUxpMBLYJQGEIwsc=",
          "dev": true,
          "requires": {
            "big.js": "^5.2.2",
            "emojis-list": "^2.0.0",
            "json5": "^1.0.1"
          }
        },
        "minimist": {
          "version": "1.2.0",
          "resolved": "http://registry.npm.taobao.org/minimist/download/minimist-1.2.0.tgz",
          "integrity": "sha1-o1AIsg9BOD7sH7kU9M1d95omQoQ=",
          "dev": true
        },
        "normalize-path": {
          "version": "3.0.0",
          "resolved": "http://registry.npm.taobao.org/normalize-path/download/normalize-path-3.0.0.tgz",
          "integrity": "sha1-Dc1p/yOhybEf0JeDFmRKA4ghamU=",
          "dev": true
        },
        "postcss": {
          "version": "7.0.14",
          "resolved": "http://registry.npm.taobao.org/postcss/download/postcss-7.0.14.tgz",
          "integrity": "sha1-RSftaxyg2CxTzl7BogQcI0a71uU=",
          "dev": true,
          "requires": {
            "chalk": "^2.4.2",
            "source-map": "^0.6.1",
            "supports-color": "^6.1.0"
          }
        },
        "postcss-modules-extract-imports": {
          "version": "2.0.0",
          "resolved": "http://registry.npm.taobao.org/postcss-modules-extract-imports/download/postcss-modules-extract-imports-2.0.0.tgz",
          "integrity": "sha1-gYcZoa4doyX5gyRGsBE27rSTzX4=",
          "dev": true,
          "requires": {
            "postcss": "^7.0.5"
          }
        },
        "postcss-modules-local-by-default": {
          "version": "2.0.6",
          "resolved": "http://registry.npm.taobao.org/postcss-modules-local-by-default/download/postcss-modules-local-by-default-2.0.6.tgz",
          "integrity": "sha1-3ZlT9t1Ha1/R7y2IMMiSl2C1bmM=",
          "dev": true,
          "requires": {
            "postcss": "^7.0.6",
            "postcss-selector-parser": "^6.0.0",
            "postcss-value-parser": "^3.3.1"
          }
        },
        "postcss-modules-scope": {
          "version": "2.1.0",
          "resolved": "http://registry.npm.taobao.org/postcss-modules-scope/download/postcss-modules-scope-2.1.0.tgz",
          "integrity": "sha1-rT9b94VhFPb8q5AbBQLiorw51Os=",
          "dev": true,
          "requires": {
            "postcss": "^7.0.6",
            "postcss-selector-parser": "^6.0.0"
          }
        },
        "postcss-modules-values": {
          "version": "2.0.0",
          "resolved": "http://registry.npm.taobao.org/postcss-modules-values/download/postcss-modules-values-2.0.0.tgz",
          "integrity": "sha1-R5tG3Axco9x/pScIUYNrnscVL2Q=",
          "dev": true,
          "requires": {
            "icss-replace-symbols": "^1.1.0",
            "postcss": "^7.0.6"
          }
        },
        "postcss-value-parser": {
          "version": "3.3.1",
          "resolved": "http://registry.npm.taobao.org/postcss-value-parser/download/postcss-value-parser-3.3.1.tgz",
          "integrity": "sha1-n/giVH4okyE88cMO+lGsX9G6goE=",
          "dev": true
        },
        "source-map": {
          "version": "0.6.1",
          "resolved": "http://registry.npm.taobao.org/source-map/download/source-map-0.6.1.tgz",
          "integrity": "sha1-dHIq8y6WFOnCh6jQu95IteLxomM=",
          "dev": true
        },
        "supports-color": {
          "version": "6.1.0",
          "resolved": "http://registry.npm.taobao.org/supports-color/download/supports-color-6.1.0.tgz",
          "integrity": "sha1-B2Srxpxj1ayELdSGfo0CXogN+PM=",
          "dev": true,
          "requires": {
            "has-flag": "^3.0.0"
          }
        }
      }
    },
    "emojis-list": {
      "version": "2.1.0",
      "resolved": "http://registry.npm.taobao.org/emojis-list/download/emojis-list-2.1.0.tgz",
      "dev": true
    },
    "icss-replace-symbols": {
      "version": "1.1.0",
      "resolved": "http://registry.npm.taobao.org/icss-replace-symbols/download/icss-replace-symbols-1.1.0.tgz",
      "dev": true
    },
    "postcss-selector-parser": {
      "version": "6.0.2",
      "resolved": "http://registry.npm.taobao.org/postcss-selector-parser/download/postcss-selector-parser-6.0.2.tgz",
      "dev": true,
      "dependencies": {
        "cssesc": {
          "version": "http://registry.npm.taobao.org/cssesc/download/cssesc-3.0.0.tgz",
          "bundled": true
        },
        "indexes-of": {
          "version": "http://registry.npm.taobao.org/indexes-of/download/indexes-of-1.0.1.tgz",
          "bundled": true
        },
        "uniq": {
          "version": "http://registry.npm.taobao.org/uniq/download/uniq-1.0.1.tgz",
          "bundled": true
        }
      }
    },
    "schema-utils": {
      "version": "1.0.0",
      "resolved": "http://registry.npm.taobao.org/schema-utils/download/schema-utils-1.0.0.tgz",
      "dev": true,
      "dependencies": {
        "ajv": {
          "version": "http://registry.npm.taobao.org/ajv/download/ajv-6.10.0.tgz",
          "bundled": true,
          "dependencies": {
            "fast-deep-equal": {
              "version": "http://registry.npm.taobao.org/fast-deep-equal/download/fast-deep-equal-2.0.1.tgz",
              "bundled": true
            },
            "fast-json-stable-stringify": {
              "version": "http://registry.npm.taobao.org/fast-json-stable-stringify/download/fast-json-stable-stringify-2.0.0.tgz",
              "bundled": true
            },
            "json-schema-traverse": {
              "version": "http://registry.npm.taobao.org/json-schema-traverse/download/json-schema-traverse-0.4.1.tgz",
              "bundled": true
            },
            "uri-js": {
              "version": "http://registry.npm.taobao.org/uri-js/download/uri-js-4.2.2.tgz",
              "bundled": true
            }
          }
        },
        "ajv-errors": {
          "version": "http://registry.npm.taobao.org/ajv-errors/download/ajv-errors-1.0.1.tgz",
          "bundled": true
        },
        "ajv-keywords": {
          "version": "http://registry.npm.taobao.org/ajv-keywords/download/ajv-keywords-3.4.0.tgz",
          "bundled": true
        }
      }
    },
    "style-loader": {
      "version": "0.23.1",
      "resolved": "http://registry.npm.taobao.org/style-loader/download/style-loader-0.23.1.tgz?cache=0&other_urls=http%3A%2F%2Fregistry.npm.taobao.org%2Fstyle-loader%2Fdownload%2Fstyle-loader-0.23.1.tgz",
      "dev": true,
      "requires": {
        "schema-utils": "^1.0.0"
      },
      "dependencies": {
        "loader-utils": {
          "version": "http://registry.npm.taobao.org/loader-utils/download/loader-utils-1.2.3.tgz",
          "bundled": true
        },
        "schema-utils": {
          "version": "http://registry.npm.taobao.org/schema-utils/download/schema-utils-1.0.0.tgz",
          "bundled": true,
          "dependencies": {
            "ajv": {
              "version": "http://registry.npm.taobao.org/ajv/download/ajv-6.10.0.tgz",
              "bundled": true,
              "dependencies": {}
            },
            "ajv-errors": {
              "version": "http://registry.npm.taobao.org/ajv-errors/download/ajv-errors-1.0.1.tgz",
              "bundled": true
            },
            "ajv-keywords": {
              "version": "http://registry.npm.taobao.org/ajv-keywords/download/ajv-keywords-3.4.0.tgz",
              "bundled": true
            }
          }
        }
      }
    }
  }
}
